
Microsoft Visual Studio Solution File, Format Version 12.00
# Visual Studio Version 17
VisualStudioVersion = 17.11.35222.181
MinimumVisualStudioVersion = 10.0.40219.1
Project("{FAE04EC0-301F-11D3-BF4B-00C04F79EFBC}") = "005dz", "005dz.csproj", "{ED33FCA7-8F59-4694-9EB2-18E91E49DD77}"
EndProject
Global
	GlobalSection(SolutionConfigurationPlatforms) = preSolution
		Debug|Any CPU = Debug|Any CPU
		Release|Any CPU = Release|Any CPU
	EndGlobalSection
	GlobalSection(ProjectConfigurationPlatforms) = postSolution
		{ED33FCA7-8F59-4694-9EB2-18E91E49DD77}.Debug|Any CPU.ActiveCfg = Debug|Any CPU
		{ED33FCA7-8F59-4694-9EB2-18E91E49DD77}.Debug|Any CPU.Build.0 = Debug|Any CPU
		{ED33FCA7-8F59-4694-9EB2-18E91E49DD77}.Release|Any CPU.ActiveCfg = Release|Any CPU
		{ED33FCA7-8F59-4694-9EB2-18E91E49DD77}.Release|Any CPU.Build.0 = Release|Any CPU
	EndGlobalSection
	GlobalSection(SolutionProperties) = preSolution
		HideSolutionNode = FALSE
	EndGlobalSection
	GlobalSection(ExtensibilityGlobals) = postSolution
		SolutionGuid = {5C338820-7D09-48C7-AEE4-2103E5F2DD69}
	EndGlobalSection
EndGlobal
