
Microsoft Visual Studio Solution File, Format Version 12.00
# Visual Studio Version 17
VisualStudioVersion = 17.11.35222.181
MinimumVisualStudioVersion = 10.0.40219.1
Project("{FAE04EC0-301F-11D3-BF4B-00C04F79EFBC}") = "tmp", "tmp.csproj", "{3F2C54EC-0485-4D5F-B62F-E1B66CD29607}"
EndProject
Global
	GlobalSection(SolutionConfigurationPlatforms) = preSolution
		Debug|Any CPU = Debug|Any CPU
		Release|Any CPU = Release|Any CPU
	EndGlobalSection
	GlobalSection(ProjectConfigurationPlatforms) = postSolution
		{3F2C54EC-0485-4D5F-B62F-E1B66CD29607}.Debug|Any CPU.ActiveCfg = Debug|Any CPU
		{3F2C54EC-0485-4D5F-B62F-E1B66CD29607}.Debug|Any CPU.Build.0 = Debug|Any CPU
		{3F2C54EC-0485-4D5F-B62F-E1B66CD29607}.Release|Any CPU.ActiveCfg = Release|Any CPU
		{3F2C54EC-0485-4D5F-B62F-E1B66CD29607}.Release|Any CPU.Build.0 = Release|Any CPU
	EndGlobalSection
	GlobalSection(SolutionProperties) = preSolution
		HideSolutionNode = FALSE
	EndGlobalSection
	GlobalSection(ExtensibilityGlobals) = postSolution
		SolutionGuid = {95E93B84-37F4-405E-92EA-0539E6B4F194}
	EndGlobalSection
EndGlobal
